
Microsoft Visual Studio Solution File, Format Version 12.00
# Visual Studio 15
VisualStudioVersion = 15.0.27703.2018
MinimumVisualStudioVersion = 10.0.40219.1
Project("{FAE04EC0-301F-11D3-BF4B-00C04F79EFBC}") = "Config.Consul", "src\Config.Consul\Config.Consul.csproj", "{AC5578FF-0EAC-4E1E-8C0E-277D7C212F16}"
EndProject
Global
	GlobalSection(SolutionConfigurationPlatforms) = preSolution
		Debug|Any CPU = Debug|Any CPU
		Release|Any CPU = Release|Any CPU
	EndGlobalSection
	GlobalSection(ProjectConfigurationPlatforms) = postSolution
		{AC5578FF-0EAC-4E1E-8C0E-277D7C212F16}.Debug|Any CPU.ActiveCfg = Debug|Any CPU
		{AC5578FF-0EAC-4E1E-8C0E-277D7C212F16}.Debug|Any CPU.Build.0 = Debug|Any CPU
		{AC5578FF-0EAC-4E1E-8C0E-277D7C212F16}.Release|Any CPU.ActiveCfg = Release|Any CPU
		{AC5578FF-0EAC-4E1E-8C0E-277D7C212F16}.Release|Any CPU.Build.0 = Release|Any CPU
	EndGlobalSection
	GlobalSection(SolutionProperties) = preSolution
		HideSolutionNode = FALSE
	EndGlobalSection
	GlobalSection(ExtensibilityGlobals) = postSolution
		SolutionGuid = {51DA8A59-9D9D-4FDD-8C22-9208AF8CCF59}
	EndGlobalSection
EndGlobal
